
Microsoft Visual Studio Solution File, Format Version 12.00
# Visual Studio Version 17
VisualStudioVersion = 17.10.35122.118
MinimumVisualStudioVersion = 10.0.40219.1
Project("{F184B08F-C81C-45F6-A57F-5ABD9991F28F}") = "Salary Calculator", "Salary Calculator\Salary Calculator.vbproj", "{A951767B-2BB9-4DEF-9B02-25C8133FE46C}"
EndProject
Global
	GlobalSection(SolutionConfigurationPlatforms) = preSolution
		Debug|Any CPU = Debug|Any CPU
		Release|Any CPU = Release|Any CPU
	EndGlobalSection
	GlobalSection(ProjectConfigurationPlatforms) = postSolution
		{A951767B-2BB9-4DEF-9B02-25C8133FE46C}.Debug|Any CPU.ActiveCfg = Debug|Any CPU
		{A951767B-2BB9-4DEF-9B02-25C8133FE46C}.Debug|Any CPU.Build.0 = Debug|Any CPU
		{A951767B-2BB9-4DEF-9B02-25C8133FE46C}.Release|Any CPU.ActiveCfg = Release|Any CPU
		{A951767B-2BB9-4DEF-9B02-25C8133FE46C}.Release|Any CPU.Build.0 = Release|Any CPU
	EndGlobalSection
	GlobalSection(SolutionProperties) = preSolution
		HideSolutionNode = FALSE
	EndGlobalSection
	GlobalSection(ExtensibilityGlobals) = postSolution
		SolutionGuid = {4F2D0A55-5F59-4433-B743-926B3786926C}
	EndGlobalSection
EndGlobal
